// !$*UTF8*$!
{
	archiveVersion = 1;
	classes = {
	};
	objectVersion = 56;
	objects = {

/* Begin PBXBuildFile section */
		C92593362BCD856A00763612 /* Main.storyboard in Resources */ = {isa = PBXBuildFile; fileRef = C98B57AD2BC019E200657CEF /* Main.storyboard */; };
		C92593382BCD8CA200763612 /* PaymentHistoryCellsTableViewCell.swift in Sources */ = {isa = PBXBuildFile; fileRef = C92593372BCD8CA200763612 /* PaymentHistoryCellsTableViewCell.swift */; };
		C925933A2BCD8E1200763612 /* PaymentHistoryResponse.swift in Sources */ = {isa = PBXBuildFile; fileRef = C92593392BCD8E1200763612 /* PaymentHistoryResponse.swift */; };
		C925933C2BCD8E8500763612 /* Payment.swift in Sources */ = {isa = PBXBuildFile; fileRef = C925933B2BCD8E8500763612 /* Payment.swift */; };
		C94804022BB7019900562D29 /* ExchangeRatesApiClient.swift in Sources */ = {isa = PBXBuildFile; fileRef = C94804012BB7019900562D29 /* ExchangeRatesApiClient.swift */; };
		C94804042BB7023300562D29 /* ExchangeRatesApiServiceInterface.swift in Sources */ = {isa = PBXBuildFile; fileRef = C94804032BB7023300562D29 /* ExchangeRatesApiServiceInterface.swift */; };
		C94804062BB702DC00562D29 /* CurrencyResponse.swift in Sources */ = {isa = PBXBuildFile; fileRef = C94804052BB702DC00562D29 /* CurrencyResponse.swift */; };
		C94804082BB7053200562D29 /* CurrencyDisplayViewController.swift in Sources */ = {isa = PBXBuildFile; fileRef = C94804072BB7053200562D29 /* CurrencyDisplayViewController.swift */; };
		C98B57B32BC02DD300657CEF /* Transaction.swift in Sources */ = {isa = PBXBuildFile; fileRef = C98B57B22BC02DD300657CEF /* Transaction.swift */; };
		C98B57B52BC02E0700657CEF /* TransactionHistoryResponse.swift in Sources */ = {isa = PBXBuildFile; fileRef = C98B57B42BC02E0700657CEF /* TransactionHistoryResponse.swift */; };
		C98B57B72BC032EE00657CEF /* ApiGetTransactionService.swift in Sources */ = {isa = PBXBuildFile; fileRef = C98B57B62BC032EE00657CEF /* ApiGetTransactionService.swift */; };
		C98B57BA2BC03CE800657CEF /* TransactionCellsTableViewCell.swift in Sources */ = {isa = PBXBuildFile; fileRef = C98B57B92BC03CE800657CEF /* TransactionCellsTableViewCell.swift */; };
		C98B57BC2BC03E6600657CEF /* TransactionHistoryViewController.swift in Sources */ = {isa = PBXBuildFile; fileRef = C98B57BB2BC03E6600657CEF /* TransactionHistoryViewController.swift */; };
		C99594CB2BB0302900C1C300 /* RegisterViewController.swift in Sources */ = {isa = PBXBuildFile; fileRef = C99594CA2BB0302900C1C300 /* RegisterViewController.swift */; };
		C99594CD2BB031E700C1C300 /* RegisterResponseModel.swift in Sources */ = {isa = PBXBuildFile; fileRef = C99594CC2BB031E700C1C300 /* RegisterResponseModel.swift */; };
		C99C27722BB8233400E34028 /* BaseViewController.swift in Sources */ = {isa = PBXBuildFile; fileRef = C99C27712BB8233400E34028 /* BaseViewController.swift */; };
		C99C27742BB8269400E34028 /* MenuViewController.swift in Sources */ = {isa = PBXBuildFile; fileRef = C99C27732BB8269400E34028 /* MenuViewController.swift */; };
		C9A8C2502BADBF72004761B8 /* AppDelegate.swift in Sources */ = {isa = PBXBuildFile; fileRef = C9A8C24F2BADBF72004761B8 /* AppDelegate.swift */; };
		C9A8C2522BADBF72004761B8 /* SceneDelegate.swift in Sources */ = {isa = PBXBuildFile; fileRef = C9A8C2512BADBF72004761B8 /* SceneDelegate.swift */; };
		C9A8C2542BADBF72004761B8 /* ViewController.swift in Sources */ = {isa = PBXBuildFile; fileRef = C9A8C2532BADBF72004761B8 /* ViewController.swift */; };
		C9A8C2592BADBF75004761B8 /* Assets.xcassets in Resources */ = {isa = PBXBuildFile; fileRef = C9A8C2582BADBF75004761B8 /* Assets.xcassets */; };
		C9A8C25C2BADBF75004761B8 /* Base in Resources */ = {isa = PBXBuildFile; fileRef = C9A8C25B2BADBF75004761B8 /* Base */; };
		C9A8C2672BADBF75004761B8 /* onlineBankingAppTests.swift in Sources */ = {isa = PBXBuildFile; fileRef = C9A8C2662BADBF75004761B8 /* onlineBankingAppTests.swift */; };
		C9A8C2712BADBF75004761B8 /* onlineBankingAppUITests.swift in Sources */ = {isa = PBXBuildFile; fileRef = C9A8C2702BADBF75004761B8 /* onlineBankingAppUITests.swift */; };
		C9A8C2732BADBF75004761B8 /* onlineBankingAppUITestsLaunchTests.swift in Sources */ = {isa = PBXBuildFile; fileRef = C9A8C2722BADBF75004761B8 /* onlineBankingAppUITestsLaunchTests.swift */; };
		C9A8C2852BAE05D7004761B8 /* UserModel.swift in Sources */ = {isa = PBXBuildFile; fileRef = C9A8C2842BAE05D7004761B8 /* UserModel.swift */; };
		C9A8C2872BAE060C004761B8 /* AccountModel.swift in Sources */ = {isa = PBXBuildFile; fileRef = C9A8C2862BAE060C004761B8 /* AccountModel.swift */; };
		C9A8C2892BAE0666004761B8 /* AccessTokenModel.swift in Sources */ = {isa = PBXBuildFile; fileRef = C9A8C2882BAE0666004761B8 /* AccessTokenModel.swift */; };
		C9A8C28B2BAE06F3004761B8 /* LoginRequestModel.swift in Sources */ = {isa = PBXBuildFile; fileRef = C9A8C28A2BAE06F3004761B8 /* LoginRequestModel.swift */; };
		C9A8C28D2BAE0709004761B8 /* RegisterRequestModel.swift in Sources */ = {isa = PBXBuildFile; fileRef = C9A8C28C2BAE0709004761B8 /* RegisterRequestModel.swift */; };
		C9A8C2902BAE0895004761B8 /* ApiServiceInterface.swift in Sources */ = {isa = PBXBuildFile; fileRef = C9A8C28F2BAE0895004761B8 /* ApiServiceInterface.swift */; };
		C9A8C2942BAE09A4004761B8 /* ApiAuthException.swift in Sources */ = {isa = PBXBuildFile; fileRef = C9A8C2932BAE09A4004761B8 /* ApiAuthException.swift */; };
		C9A8C2962BAE09C9004761B8 /* LocalStorageManager.swift in Sources */ = {isa = PBXBuildFile; fileRef = C9A8C2952BAE09C9004761B8 /* LocalStorageManager.swift */; };
		C9A8C2992BAE0A0E004761B8 /* ApiClient.swift in Sources */ = {isa = PBXBuildFile; fileRef = C9A8C2982BAE0A0E004761B8 /* ApiClient.swift */; };
		C9A8C29C2BAE0A46004761B8 /* ApiAuthService.swift in Sources */ = {isa = PBXBuildFile; fileRef = C9A8C29B2BAE0A46004761B8 /* ApiAuthService.swift */; };
		C9A8C29E2BAEE28E004761B8 /* LoginViewController.swift in Sources */ = {isa = PBXBuildFile; fileRef = C9A8C29D2BAEE28E004761B8 /* LoginViewController.swift */; };
		C9EEBF502BBC41A500A9C930 /* CreateAccountRequestModel.swift in Sources */ = {isa = PBXBuildFile; fileRef = C9EEBF4F2BBC41A500A9C930 /* CreateAccountRequestModel.swift */; };
		C9EEBF522BBC420E00A9C930 /* ApiPostTransactionService.swift in Sources */ = {isa = PBXBuildFile; fileRef = C9EEBF512BBC420E00A9C930 /* ApiPostTransactionService.swift */; };
		C9EEBF542BBC439C00A9C930 /* AuthenticationError.swift in Sources */ = {isa = PBXBuildFile; fileRef = C9EEBF532BBC439C00A9C930 /* AuthenticationError.swift */; };
		C9EEBF562BBC43D800A9C930 /* NetworkError.swift in Sources */ = {isa = PBXBuildFile; fileRef = C9EEBF552BBC43D800A9C930 /* NetworkError.swift */; };
		C9EEBF582BBC44DC00A9C930 /* CreateAccountViewController.swift in Sources */ = {isa = PBXBuildFile; fileRef = C9EEBF572BBC44DC00A9C930 /* CreateAccountViewController.swift */; };
/* End PBXBuildFile section */

/* Begin PBXContainerItemProxy section */
		C9A8C2632BADBF75004761B8 /* PBXContainerItemProxy */ = {
			isa = PBXContainerItemProxy;
			containerPortal = C9A8C2442BADBF72004761B8 /* Project object */;
			proxyType = 1;
			remoteGlobalIDString = C9A8C24B2BADBF72004761B8;
			remoteInfo = onlineBankingApp;
		};
		C9A8C26D2BADBF75004761B8 /* PBXContainerItemProxy */ = {
			isa = PBXContainerItemProxy;
			containerPortal = C9A8C2442BADBF72004761B8 /* Project object */;
			proxyType = 1;
			remoteGlobalIDString = C9A8C24B2BADBF72004761B8;
			remoteInfo = onlineBankingApp;
		};
/* End PBXContainerItemProxy section */

/* Begin PBXFileReference section */
		C92593372BCD8CA200763612 /* PaymentHistoryCellsTableViewCell.swift */ = {isa = PBXFileReference; lastKnownFileType = sourcecode.swift; path = PaymentHistoryCellsTableViewCell.swift; sourceTree = "<group>"; };
		C92593392BCD8E1200763612 /* PaymentHistoryResponse.swift */ = {isa = PBXFileReference; lastKnownFileType = sourcecode.swift; path = PaymentHistoryResponse.swift; sourceTree = "<group>"; };
		C925933B2BCD8E8500763612 /* Payment.swift */ = {isa = PBXFileReference; lastKnownFileType = sourcecode.swift; path = Payment.swift; sourceTree = "<group>"; };
		C94804012BB7019900562D29 /* ExchangeRatesApiClient.swift */ = {isa = PBXFileReference; lastKnownFileType = sourcecode.swift; path = ExchangeRatesApiClient.swift; sourceTree = "<group>"; };
		C94804032BB7023300562D29 /* ExchangeRatesApiServiceInterface.swift */ = {isa = PBXFileReference; lastKnownFileType = sourcecode.swift; path = ExchangeRatesApiServiceInterface.swift; sourceTree = "<group>"; };
		C94804052BB702DC00562D29 /* CurrencyResponse.swift */ = {isa = PBXFileReference; lastKnownFileType = sourcecode.swift; path = CurrencyResponse.swift; sourceTree = "<group>"; };
		C94804072BB7053200562D29 /* CurrencyDisplayViewController.swift */ = {isa = PBXFileReference; lastKnownFileType = sourcecode.swift; path = CurrencyDisplayViewController.swift; sourceTree = "<group>"; };
		C98B57AD2BC019E200657CEF /* Main.storyboard */ = {isa = PBXFileReference; lastKnownFileType = file.storyboard; path = Main.storyboard; sourceTree = "<group>"; };
		C98B57B22BC02DD300657CEF /* Transaction.swift */ = {isa = PBXFileReference; lastKnownFileType = sourcecode.swift; path = Transaction.swift; sourceTree = "<group>"; };
		C98B57B42BC02E0700657CEF /* TransactionHistoryResponse.swift */ = {isa = PBXFileReference; lastKnownFileType = sourcecode.swift; path = TransactionHistoryResponse.swift; sourceTree = "<group>"; };
		C98B57B62BC032EE00657CEF /* ApiGetTransactionService.swift */ = {isa = PBXFileReference; lastKnownFileType = sourcecode.swift; path = ApiGetTransactionService.swift; sourceTree = "<group>"; };
		C98B57B92BC03CE800657CEF /* TransactionCellsTableViewCell.swift */ = {isa = PBXFileReference; lastKnownFileType = sourcecode.swift; path = TransactionCellsTableViewCell.swift; sourceTree = "<group>"; };
		C98B57BB2BC03E6600657CEF /* TransactionHistoryViewController.swift */ = {isa = PBXFileReference; lastKnownFileType = sourcecode.swift; path = TransactionHistoryViewController.swift; sourceTree = "<group>"; };
		C99594CA2BB0302900C1C300 /* RegisterViewController.swift */ = {isa = PBXFileReference; lastKnownFileType = sourcecode.swift; path = RegisterViewController.swift; sourceTree = "<group>"; };
		C99594CC2BB031E700C1C300 /* RegisterResponseModel.swift */ = {isa = PBXFileReference; lastKnownFileType = sourcecode.swift; path = RegisterResponseModel.swift; sourceTree = "<group>"; };
		C99C27712BB8233400E34028 /* BaseViewController.swift */ = {isa = PBXFileReference; lastKnownFileType = sourcecode.swift; path = BaseViewController.swift; sourceTree = "<group>"; };
		C99C27732BB8269400E34028 /* MenuViewController.swift */ = {isa = PBXFileReference; lastKnownFileType = sourcecode.swift; path = MenuViewController.swift; sourceTree = "<group>"; };
		C9A8C24C2BADBF72004761B8 /* onlineBankingApp.app */ = {isa = PBXFileReference; explicitFileType = wrapper.application; includeInIndex = 0; path = onlineBankingApp.app; sourceTree = BUILT_PRODUCTS_DIR; };
		C9A8C24F2BADBF72004761B8 /* AppDelegate.swift */ = {isa = PBXFileReference; lastKnownFileType = sourcecode.swift; path = AppDelegate.swift; sourceTree = "<group>"; };
		C9A8C2512BADBF72004761B8 /* SceneDelegate.swift */ = {isa = PBXFileReference; lastKnownFileType = sourcecode.swift; path = SceneDelegate.swift; sourceTree = "<group>"; };
		C9A8C2532BADBF72004761B8 /* ViewController.swift */ = {isa = PBXFileReference; lastKnownFileType = sourcecode.swift; path = ViewController.swift; sourceTree = "<group>"; };
		C9A8C2582BADBF75004761B8 /* Assets.xcassets */ = {isa = PBXFileReference; lastKnownFileType = folder.assetcatalog; path = Assets.xcassets; sourceTree = "<group>"; };
		C9A8C25B2BADBF75004761B8 /* Base */ = {isa = PBXFileReference; lastKnownFileType = file.storyboard; name = Base; path = Base.lproj/LaunchScreen.storyboard; sourceTree = "<group>"; };
		C9A8C25D2BADBF75004761B8 /* Info.plist */ = {isa = PBXFileReference; lastKnownFileType = text.plist.xml; path = Info.plist; sourceTree = "<group>"; };
		C9A8C2622BADBF75004761B8 /* onlineBankingAppTests.xctest */ = {isa = PBXFileReference; explicitFileType = wrapper.cfbundle; includeInIndex = 0; path = onlineBankingAppTests.xctest; sourceTree = BUILT_PRODUCTS_DIR; };
		C9A8C2662BADBF75004761B8 /* onlineBankingAppTests.swift */ = {isa = PBXFileReference; lastKnownFileType = sourcecode.swift; path = onlineBankingAppTests.swift; sourceTree = "<group>"; };
		C9A8C26C2BADBF75004761B8 /* onlineBankingAppUITests.xctest */ = {isa = PBXFileReference; explicitFileType = wrapper.cfbundle; includeInIndex = 0; path = onlineBankingAppUITests.xctest; sourceTree = BUILT_PRODUCTS_DIR; };
		C9A8C2702BADBF75004761B8 /* onlineBankingAppUITests.swift */ = {isa = PBXFileReference; lastKnownFileType = sourcecode.swift; path = onlineBankingAppUITests.swift; sourceTree = "<group>"; };
		C9A8C2722BADBF75004761B8 /* onlineBankingAppUITestsLaunchTests.swift */ = {isa = PBXFileReference; lastKnownFileType = sourcecode.swift; path = onlineBankingAppUITestsLaunchTests.swift; sourceTree = "<group>"; };
		C9A8C2842BAE05D7004761B8 /* UserModel.swift */ = {isa = PBXFileReference; lastKnownFileType = sourcecode.swift; path = UserModel.swift; sourceTree = "<group>"; };
		C9A8C2862BAE060C004761B8 /* AccountModel.swift */ = {isa = PBXFileReference; lastKnownFileType = sourcecode.swift; path = AccountModel.swift; sourceTree = "<group>"; };
		C9A8C2882BAE0666004761B8 /* AccessTokenModel.swift */ = {isa = PBXFileReference; lastKnownFileType = sourcecode.swift; path = AccessTokenModel.swift; sourceTree = "<group>"; };
		C9A8C28A2BAE06F3004761B8 /* LoginRequestModel.swift */ = {isa = PBXFileReference; lastKnownFileType = sourcecode.swift; path = LoginRequestModel.swift; sourceTree = "<group>"; };
		C9A8C28C2BAE0709004761B8 /* RegisterRequestModel.swift */ = {isa = PBXFileReference; lastKnownFileType = sourcecode.swift; path = RegisterRequestModel.swift; sourceTree = "<group>"; };
		C9A8C28F2BAE0895004761B8 /* ApiServiceInterface.swift */ = {isa = PBXFileReference; lastKnownFileType = sourcecode.swift; path = ApiServiceInterface.swift; sourceTree = "<group>"; };
		C9A8C2932BAE09A4004761B8 /* ApiAuthException.swift */ = {isa = PBXFileReference; lastKnownFileType = sourcecode.swift; path = ApiAuthException.swift; sourceTree = "<group>"; };
		C9A8C2952BAE09C9004761B8 /* LocalStorageManager.swift */ = {isa = PBXFileReference; lastKnownFileType = sourcecode.swift; path = LocalStorageManager.swift; sourceTree = "<group>"; };
		C9A8C2982BAE0A0E004761B8 /* ApiClient.swift */ = {isa = PBXFileReference; lastKnownFileType = sourcecode.swift; path = ApiClient.swift; sourceTree = "<group>"; };
		C9A8C29B2BAE0A46004761B8 /* ApiAuthService.swift */ = {isa = PBXFileReference; lastKnownFileType = sourcecode.swift; path = ApiAuthService.swift; sourceTree = "<group>"; };
		C9A8C29D2BAEE28E004761B8 /* LoginViewController.swift */ = {isa = PBXFileReference; lastKnownFileType = sourcecode.swift; path = LoginViewController.swift; sourceTree = "<group>"; };
		C9EEBF4F2BBC41A500A9C930 /* CreateAccountRequestModel.swift */ = {isa = PBXFileReference; lastKnownFileType = sourcecode.swift; path = CreateAccountRequestModel.swift; sourceTree = "<group>"; };
		C9EEBF512BBC420E00A9C930 /* ApiPostTransactionService.swift */ = {isa = PBXFileReference; lastKnownFileType = sourcecode.swift; path = ApiPostTransactionService.swift; sourceTree = "<group>"; };
		C9EEBF532BBC439C00A9C930 /* AuthenticationError.swift */ = {isa = PBXFileReference; lastKnownFileType = sourcecode.swift; path = AuthenticationError.swift; sourceTree = "<group>"; };
		C9EEBF552BBC43D800A9C930 /* NetworkError.swift */ = {isa = PBXFileReference; lastKnownFileType = sourcecode.swift; path = NetworkError.swift; sourceTree = "<group>"; };
		C9EEBF572BBC44DC00A9C930 /* CreateAccountViewController.swift */ = {isa = PBXFileReference; lastKnownFileType = sourcecode.swift; path = CreateAccountViewController.swift; sourceTree = "<group>"; };
/* End PBXFileReference section */

/* Begin PBXFrameworksBuildPhase section */
		C9A8C2492BADBF72004761B8 /* Frameworks */ = {
			isa = PBXFrameworksBuildPhase;
			buildActionMask = 2147483647;
			files = (
			);
			runOnlyForDeploymentPostprocessing = 0;
		};
		C9A8C25F2BADBF75004761B8 /* Frameworks */ = {
			isa = PBXFrameworksBuildPhase;
			buildActionMask = 2147483647;
			files = (
			);
			runOnlyForDeploymentPostprocessing = 0;
		};
		C9A8C2692BADBF75004761B8 /* Frameworks */ = {
			isa = PBXFrameworksBuildPhase;
			buildActionMask = 2147483647;
			files = (
			);
			runOnlyForDeploymentPostprocessing = 0;
		};
/* End PBXFrameworksBuildPhase section */

/* Begin PBXGroup section */
		C98B57B82BC03CBE00657CEF /* Cells */ = {
			isa = PBXGroup;
			children = (
				C98B57B92BC03CE800657CEF /* TransactionCellsTableViewCell.swift */,
				C92593372BCD8CA200763612 /* PaymentHistoryCellsTableViewCell.swift */,
			);
			path = Cells;
			sourceTree = "<group>";
		};
		C9A8C2432BADBF72004761B8 = {
			isa = PBXGroup;
			children = (
				C9A8C24E2BADBF72004761B8 /* onlineBankingApp */,
				C9A8C2652BADBF75004761B8 /* onlineBankingAppTests */,
				C9A8C26F2BADBF75004761B8 /* onlineBankingAppUITests */,
				C9A8C24D2BADBF72004761B8 /* Products */,
			);
			sourceTree = "<group>";
		};
		C9A8C24D2BADBF72004761B8 /* Products */ = {
			isa = PBXGroup;
			children = (
				C9A8C24C2BADBF72004761B8 /* onlineBankingApp.app */,
				C9A8C2622BADBF75004761B8 /* onlineBankingAppTests.xctest */,
				C9A8C26C2BADBF75004761B8 /* onlineBankingAppUITests.xctest */,
			);
			name = Products;
			sourceTree = "<group>";
		};
		C9A8C24E2BADBF72004761B8 /* onlineBankingApp */ = {
			isa = PBXGroup;
			children = (
				C9A8C2912BAE097F004761B8 /* Utilities */,
				C9A8C28E2BAE086C004761B8 /* Api */,
				C9A8C2802BAE0599004761B8 /* Model */,
				C9A8C27F2BAE057E004761B8 /* View */,
				C9A8C24F2BADBF72004761B8 /* AppDelegate.swift */,
				C9A8C2512BADBF72004761B8 /* SceneDelegate.swift */,
				C98B57AD2BC019E200657CEF /* Main.storyboard */,
				C9A8C2582BADBF75004761B8 /* Assets.xcassets */,
				C9A8C25A2BADBF75004761B8 /* LaunchScreen.storyboard */,
				C9A8C25D2BADBF75004761B8 /* Info.plist */,
			);
			path = onlineBankingApp;
			sourceTree = "<group>";
		};
		C9A8C2652BADBF75004761B8 /* onlineBankingAppTests */ = {
			isa = PBXGroup;
			children = (
				C9A8C2662BADBF75004761B8 /* onlineBankingAppTests.swift */,
			);
			path = onlineBankingAppTests;
			sourceTree = "<group>";
		};
		C9A8C26F2BADBF75004761B8 /* onlineBankingAppUITests */ = {
			isa = PBXGroup;
			children = (
				C9A8C2702BADBF75004761B8 /* onlineBankingAppUITests.swift */,
				C9A8C2722BADBF75004761B8 /* onlineBankingAppUITestsLaunchTests.swift */,
			);
			path = onlineBankingAppUITests;
			sourceTree = "<group>";
		};
		C9A8C27F2BAE057E004761B8 /* View */ = {
			isa = PBXGroup;
			children = (
				C9A8C2532BADBF72004761B8 /* ViewController.swift */,
				C9A8C29D2BAEE28E004761B8 /* LoginViewController.swift */,
				C99594CA2BB0302900C1C300 /* RegisterViewController.swift */,
				C94804072BB7053200562D29 /* CurrencyDisplayViewController.swift */,
				C99C27712BB8233400E34028 /* BaseViewController.swift */,
				C99C27732BB8269400E34028 /* MenuViewController.swift */,
				C9EEBF572BBC44DC00A9C930 /* CreateAccountViewController.swift */,
				C98B57BB2BC03E6600657CEF /* TransactionHistoryViewController.swift */,
			);
			path = View;
			sourceTree = "<group>";
		};
		C9A8C2802BAE0599004761B8 /* Model */ = {
			isa = PBXGroup;
			children = (
				C9A8C2832BAE05B4004761B8 /* responseModel */,
				C9A8C2822BAE05AC004761B8 /* requestModel */,
				C9A8C2812BAE05A3004761B8 /* baseModel */,
			);
			path = Model;
			sourceTree = "<group>";
		};
		C9A8C2812BAE05A3004761B8 /* baseModel */ = {
			isa = PBXGroup;
			children = (
				C9A8C2842BAE05D7004761B8 /* UserModel.swift */,
				C9A8C2862BAE060C004761B8 /* AccountModel.swift */,
				C9A8C2882BAE0666004761B8 /* AccessTokenModel.swift */,
				C98B57B22BC02DD300657CEF /* Transaction.swift */,
				C925933B2BCD8E8500763612 /* Payment.swift */,
			);
			path = baseModel;
			sourceTree = "<group>";
		};
		C9A8C2822BAE05AC004761B8 /* requestModel */ = {
			isa = PBXGroup;
			children = (
				C9A8C28A2BAE06F3004761B8 /* LoginRequestModel.swift */,
				C9A8C28C2BAE0709004761B8 /* RegisterRequestModel.swift */,
				C9EEBF4F2BBC41A500A9C930 /* CreateAccountRequestModel.swift */,
			);
			path = requestModel;
			sourceTree = "<group>";
		};
		C9A8C2832BAE05B4004761B8 /* responseModel */ = {
			isa = PBXGroup;
			children = (
				C99594CC2BB031E700C1C300 /* RegisterResponseModel.swift */,
				C94804052BB702DC00562D29 /* CurrencyResponse.swift */,
				C98B57B42BC02E0700657CEF /* TransactionHistoryResponse.swift */,
				C92593392BCD8E1200763612 /* PaymentHistoryResponse.swift */,
			);
			path = responseModel;
			sourceTree = "<group>";
		};
		C9A8C28E2BAE086C004761B8 /* Api */ = {
			isa = PBXGroup;
			children = (
				C9A8C29A2BAE0A31004761B8 /* Service */,
				C9A8C2972BAE09FF004761B8 /* ApiClient */,
				C9A8C28F2BAE0895004761B8 /* ApiServiceInterface.swift */,
				C94804032BB7023300562D29 /* ExchangeRatesApiServiceInterface.swift */,
			);
			path = Api;
			sourceTree = "<group>";
		};
		C9A8C2912BAE097F004761B8 /* Utilities */ = {
			isa = PBXGroup;
			children = (
				C98B57B82BC03CBE00657CEF /* Cells */,
				C9A8C2922BAE0992004761B8 /* errorUtil */,
				C9A8C2952BAE09C9004761B8 /* LocalStorageManager.swift */,
			);
			path = Utilities;
			sourceTree = "<group>";
		};
		C9A8C2922BAE0992004761B8 /* errorUtil */ = {
			isa = PBXGroup;
			children = (
				C9A8C2932BAE09A4004761B8 /* ApiAuthException.swift */,
				C9EEBF532BBC439C00A9C930 /* AuthenticationError.swift */,
				C9EEBF552BBC43D800A9C930 /* NetworkError.swift */,
			);
			path = errorUtil;
			sourceTree = "<group>";
		};
		C9A8C2972BAE09FF004761B8 /* ApiClient */ = {
			isa = PBXGroup;
			children = (
				C9A8C2982BAE0A0E004761B8 /* ApiClient.swift */,
				C94804012BB7019900562D29 /* ExchangeRatesApiClient.swift */,
			);
			path = ApiClient;
			sourceTree = "<group>";
		};
		C9A8C29A2BAE0A31004761B8 /* Service */ = {
			isa = PBXGroup;
			children = (
				C9A8C29B2BAE0A46004761B8 /* ApiAuthService.swift */,
				C9EEBF512BBC420E00A9C930 /* ApiPostTransactionService.swift */,
				C98B57B62BC032EE00657CEF /* ApiGetTransactionService.swift */,
			);
			path = Service;
			sourceTree = "<group>";
		};
/* End PBXGroup section */

/* Begin PBXNativeTarget section */
		C9A8C24B2BADBF72004761B8 /* onlineBankingApp */ = {
			isa = PBXNativeTarget;
			buildConfigurationList = C9A8C2762BADBF75004761B8 /* Build configuration list for PBXNativeTarget "onlineBankingApp" */;
			buildPhases = (
				C9A8C2482BADBF72004761B8 /* Sources */,
				C9A8C2492BADBF72004761B8 /* Frameworks */,
				C9A8C24A2BADBF72004761B8 /* Resources */,
			);
			buildRules = (
			);
			dependencies = (
			);
			name = onlineBankingApp;
			productName = onlineBankingApp;
			productReference = C9A8C24C2BADBF72004761B8 /* onlineBankingApp.app */;
			productType = "com.apple.product-type.application";
		};
		C9A8C2612BADBF75004761B8 /* onlineBankingAppTests */ = {
			isa = PBXNativeTarget;
			buildConfigurationList = C9A8C2792BADBF75004761B8 /* Build configuration list for PBXNativeTarget "onlineBankingAppTests" */;
			buildPhases = (
				C9A8C25E2BADBF75004761B8 /* Sources */,
				C9A8C25F2BADBF75004761B8 /* Frameworks */,
				C9A8C2602BADBF75004761B8 /* Resources */,
			);
			buildRules = (
			);
			dependencies = (
				C9A8C2642BADBF75004761B8 /* PBXTargetDependency */,
			);
			name = onlineBankingAppTests;
			productName = onlineBankingAppTests;
			productReference = C9A8C2622BADBF75004761B8 /* onlineBankingAppTests.xctest */;
			productType = "com.apple.product-type.bundle.unit-test";
		};
		C9A8C26B2BADBF75004761B8 /* onlineBankingAppUITests */ = {
			isa = PBXNativeTarget;
			buildConfigurationList = C9A8C27C2BADBF75004761B8 /* Build configuration list for PBXNativeTarget "onlineBankingAppUITests" */;
			buildPhases = (
				C9A8C2682BADBF75004761B8 /* Sources */,
				C9A8C2692BADBF75004761B8 /* Frameworks */,
				C9A8C26A2BADBF75004761B8 /* Resources */,
			);
			buildRules = (
			);
			dependencies = (
				C9A8C26E2BADBF75004761B8 /* PBXTargetDependency */,
			);
			name = onlineBankingAppUITests;
			productName = onlineBankingAppUITests;
			productReference = C9A8C26C2BADBF75004761B8 /* onlineBankingAppUITests.xctest */;
			productType = "com.apple.product-type.bundle.ui-testing";
		};
/* End PBXNativeTarget section */

/* Begin PBXProject section */
		C9A8C2442BADBF72004761B8 /* Project object */ = {
			isa = PBXProject;
			attributes = {
				BuildIndependentTargetsInParallel = 1;
				LastSwiftUpdateCheck = 1530;
				LastUpgradeCheck = 1530;
				TargetAttributes = {
					C9A8C24B2BADBF72004761B8 = {
						CreatedOnToolsVersion = 15.3;
					};
					C9A8C2612BADBF75004761B8 = {
						CreatedOnToolsVersion = 15.3;
						TestTargetID = C9A8C24B2BADBF72004761B8;
					};
					C9A8C26B2BADBF75004761B8 = {
						CreatedOnToolsVersion = 15.3;
						TestTargetID = C9A8C24B2BADBF72004761B8;
					};
				};
			};
			buildConfigurationList = C9A8C2472BADBF72004761B8 /* Build configuration list for PBXProject "onlineBankingApp" */;
			compatibilityVersion = "Xcode 14.0";
			developmentRegion = en;
			hasScannedForEncodings = 0;
			knownRegions = (
				en,
				Base,
			);
			mainGroup = C9A8C2432BADBF72004761B8;
			productRefGroup = C9A8C24D2BADBF72004761B8 /* Products */;
			projectDirPath = "";
			projectRoot = "";
			targets = (
				C9A8C24B2BADBF72004761B8 /* onlineBankingApp */,
				C9A8C2612BADBF75004761B8 /* onlineBankingAppTests */,
				C9A8C26B2BADBF75004761B8 /* onlineBankingAppUITests */,
			);
		};
/* End PBXProject section */

/* Begin PBXResourcesBuildPhase section */
		C9A8C24A2BADBF72004761B8 /* Resources */ = {
			isa = PBXResourcesBuildPhase;
			buildActionMask = 2147483647;
			files = (
				C9A8C2592BADBF75004761B8 /* Assets.xcassets in Resources */,
				C9A8C25C2BADBF75004761B8 /* Base in Resources */,
				C92593362BCD856A00763612 /* Main.storyboard in Resources */,
			);
			runOnlyForDeploymentPostprocessing = 0;
		};
		C9A8C2602BADBF75004761B8 /* Resources */ = {
			isa = PBXResourcesBuildPhase;
			buildActionMask = 2147483647;
			files = (
			);
			runOnlyForDeploymentPostprocessing = 0;
		};
		C9A8C26A2BADBF75004761B8 /* Resources */ = {
			isa = PBXResourcesBuildPhase;
			buildActionMask = 2147483647;
			files = (
			);
			runOnlyForDeploymentPostprocessing = 0;
		};
/* End PBXResourcesBuildPhase section */

/* Begin PBXSourcesBuildPhase section */
		C9A8C2482BADBF72004761B8 /* Sources */ = {
			isa = PBXSourcesBuildPhase;
			buildActionMask = 2147483647;
			files = (
				C9A8C29E2BAEE28E004761B8 /* LoginViewController.swift in Sources */,
				C9A8C2872BAE060C004761B8 /* AccountModel.swift in Sources */,
				C94804082BB7053200562D29 /* CurrencyDisplayViewController.swift in Sources */,
				C9A8C2542BADBF72004761B8 /* ViewController.swift in Sources */,
				C9A8C2962BAE09C9004761B8 /* LocalStorageManager.swift in Sources */,
				C99C27722BB8233400E34028 /* BaseViewController.swift in Sources */,
				C9A8C2502BADBF72004761B8 /* AppDelegate.swift in Sources */,
				C9A8C2852BAE05D7004761B8 /* UserModel.swift in Sources */,
				C98B57B72BC032EE00657CEF /* ApiGetTransactionService.swift in Sources */,
				C925933C2BCD8E8500763612 /* Payment.swift in Sources */,
				C9EEBF502BBC41A500A9C930 /* CreateAccountRequestModel.swift in Sources */,
				C94804062BB702DC00562D29 /* CurrencyResponse.swift in Sources */,
				C99594CB2BB0302900C1C300 /* RegisterViewController.swift in Sources */,
				C9A8C28D2BAE0709004761B8 /* RegisterRequestModel.swift in Sources */,
				C9A8C29C2BAE0A46004761B8 /* ApiAuthService.swift in Sources */,
				C925933A2BCD8E1200763612 /* PaymentHistoryResponse.swift in Sources */,
				C94804042BB7023300562D29 /* ExchangeRatesApiServiceInterface.swift in Sources */,
				C98B57B52BC02E0700657CEF /* TransactionHistoryResponse.swift in Sources */,
				C98B57B32BC02DD300657CEF /* Transaction.swift in Sources */,
				C9A8C2902BAE0895004761B8 /* ApiServiceInterface.swift in Sources */,
				C9EEBF582BBC44DC00A9C930 /* CreateAccountViewController.swift in Sources */,
				C9A8C2942BAE09A4004761B8 /* ApiAuthException.swift in Sources */,
				C99C27742BB8269400E34028 /* MenuViewController.swift in Sources */,
				C9EEBF522BBC420E00A9C930 /* ApiPostTransactionService.swift in Sources */,
				C99594CD2BB031E700C1C300 /* RegisterResponseModel.swift in Sources */,
				C9A8C2522BADBF72004761B8 /* SceneDelegate.swift in Sources */,
				C98B57BC2BC03E6600657CEF /* TransactionHistoryViewController.swift in Sources */,
				C92593382BCD8CA200763612 /* PaymentHistoryCellsTableViewCell.swift in Sources */,
				C9A8C2892BAE0666004761B8 /* AccessTokenModel.swift in Sources */,
				C9A8C28B2BAE06F3004761B8 /* LoginRequestModel.swift in Sources */,
				C9A8C2992BAE0A0E004761B8 /* ApiClient.swift in Sources */,
				C98B57BA2BC03CE800657CEF /* TransactionCellsTableViewCell.swift in Sources */,
				C9EEBF562BBC43D800A9C930 /* NetworkError.swift in Sources */,
				C9EEBF542BBC439C00A9C930 /* AuthenticationError.swift in Sources */,
				C94804022BB7019900562D29 /* ExchangeRatesApiClient.swift in Sources */,
			);
			runOnlyForDeploymentPostprocessing = 0;
		};
		C9A8C25E2BADBF75004761B8 /* Sources */ = {
			isa = PBXSourcesBuildPhase;
			buildActionMask = 2147483647;
			files = (
				C9A8C2672BADBF75004761B8 /* onlineBankingAppTests.swift in Sources */,
			);
			runOnlyForDeploymentPostprocessing = 0;
		};
		C9A8C2682BADBF75004761B8 /* Sources */ = {
			isa = PBXSourcesBuildPhase;
			buildActionMask = 2147483647;
			files = (
				C9A8C2732BADBF75004761B8 /* onlineBankingAppUITestsLaunchTests.swift in Sources */,
				C9A8C2712BADBF75004761B8 /* onlineBankingAppUITests.swift in Sources */,
			);
			runOnlyForDeploymentPostprocessing = 0;
		};
/* End PBXSourcesBuildPhase section */

/* Begin PBXTargetDependency section */
		C9A8C2642BADBF75004761B8 /* PBXTargetDependency */ = {
			isa = PBXTargetDependency;
			target = C9A8C24B2BADBF72004761B8 /* onlineBankingApp */;
			targetProxy = C9A8C2632BADBF75004761B8 /* PBXContainerItemProxy */;
		};
		C9A8C26E2BADBF75004761B8 /* PBXTargetDependency */ = {
			isa = PBXTargetDependency;
			target = C9A8C24B2BADBF72004761B8 /* onlineBankingApp */;
			targetProxy = C9A8C26D2BADBF75004761B8 /* PBXContainerItemProxy */;
		};
/* End PBXTargetDependency section */

/* Begin PBXVariantGroup section */
		C9A8C25A2BADBF75004761B8 /* LaunchScreen.storyboard */ = {
			isa = PBXVariantGroup;
			children = (
				C9A8C25B2BADBF75004761B8 /* Base */,
			);
			name = LaunchScreen.storyboard;
			sourceTree = "<group>";
		};
/* End PBXVariantGroup section */

/* Begin XCBuildConfiguration section */
		C9A8C2742BADBF75004761B8 /* Debug */ = {
			isa = XCBuildConfiguration;
			buildSettings = {
				ALWAYS_SEARCH_USER_PATHS = NO;
				ASSETCATALOG_COMPILER_GENERATE_SWIFT_ASSET_SYMBOL_EXTENSIONS = YES;
				CLANG_ANALYZER_NONNULL = YES;
				CLANG_ANALYZER_NUMBER_OBJECT_CONVERSION = YES_AGGRESSIVE;
				CLANG_CXX_LANGUAGE_STANDARD = "gnu++20";
				CLANG_ENABLE_MODULES = YES;
				CLANG_ENABLE_OBJC_ARC = YES;
				CLANG_ENABLE_OBJC_WEAK = YES;
				CLANG_WARN_BLOCK_CAPTURE_AUTORELEASING = YES;
				CLANG_WARN_BOOL_CONVERSION = YES;
				CLANG_WARN_COMMA = YES;
				CLANG_WARN_CONSTANT_CONVERSION = YES;
				CLANG_WARN_DEPRECATED_OBJC_IMPLEMENTATIONS = YES;
				CLANG_WARN_DIRECT_OBJC_ISA_USAGE = YES_ERROR;
				CLANG_WARN_DOCUMENTATION_COMMENTS = YES;
				CLANG_WARN_EMPTY_BODY = YES;
				CLANG_WARN_ENUM_CONVERSION = YES;
				CLANG_WARN_INFINITE_RECURSION = YES;
				CLANG_WARN_INT_CONVERSION = YES;
				CLANG_WARN_NON_LITERAL_NULL_CONVERSION = YES;
				CLANG_WARN_OBJC_IMPLICIT_RETAIN_SELF = YES;
				CLANG_WARN_OBJC_LITERAL_CONVERSION = YES;
				CLANG_WARN_OBJC_ROOT_CLASS = YES_ERROR;
				CLANG_WARN_QUOTED_INCLUDE_IN_FRAMEWORK_HEADER = YES;
				CLANG_WARN_RANGE_LOOP_ANALYSIS = YES;
				CLANG_WARN_STRICT_PROTOTYPES = YES;
				CLANG_WARN_SUSPICIOUS_MOVE = YES;
				CLANG_WARN_UNGUARDED_AVAILABILITY = YES_AGGRESSIVE;
				CLANG_WARN_UNREACHABLE_CODE = YES;
				CLANG_WARN__DUPLICATE_METHOD_MATCH = YES;
				COPY_PHASE_STRIP = NO;
				DEBUG_INFORMATION_FORMAT = dwarf;
				ENABLE_STRICT_OBJC_MSGSEND = YES;
				ENABLE_TESTABILITY = YES;
				ENABLE_USER_SCRIPT_SANDBOXING = YES;
				GCC_C_LANGUAGE_STANDARD = gnu17;
				GCC_DYNAMIC_NO_PIC = NO;
				GCC_NO_COMMON_BLOCKS = YES;
				GCC_OPTIMIZATION_LEVEL = 0;
				GCC_PREPROCESSOR_DEFINITIONS = (
					"DEBUG=1",
					"$(inherited)",
				);
				GCC_WARN_64_TO_32_BIT_CONVERSION = YES;
				GCC_WARN_ABOUT_RETURN_TYPE = YES_ERROR;
				GCC_WARN_UNDECLARED_SELECTOR = YES;
				GCC_WARN_UNINITIALIZED_AUTOS = YES_AGGRESSIVE;
				GCC_WARN_UNUSED_FUNCTION = YES;
				GCC_WARN_UNUSED_VARIABLE = YES;
				IPHONEOS_DEPLOYMENT_TARGET = 17.4;
				LOCALIZATION_PREFERS_STRING_CATALOGS = YES;
				MTL_ENABLE_DEBUG_INFO = INCLUDE_SOURCE;
				MTL_FAST_MATH = YES;
				ONLY_ACTIVE_ARCH = YES;
				SDKROOT = iphoneos;
				SWIFT_ACTIVE_COMPILATION_CONDITIONS = "DEBUG $(inherited)";
				SWIFT_OPTIMIZATION_LEVEL = "-Onone";
			};
			name = Debug;
		};
		C9A8C2752BADBF75004761B8 /* Release */ = {
			isa = XCBuildConfiguration;
			buildSettings = {
				ALWAYS_SEARCH_USER_PATHS = NO;
				ASSETCATALOG_COMPILER_GENERATE_SWIFT_ASSET_SYMBOL_EXTENSIONS = YES;
				CLANG_ANALYZER_NONNULL = YES;
				CLANG_ANALYZER_NUMBER_OBJECT_CONVERSION = YES_AGGRESSIVE;
				CLANG_CXX_LANGUAGE_STANDARD = "gnu++20";
				CLANG_ENABLE_MODULES = YES;
				CLANG_ENABLE_OBJC_ARC = YES;
				CLANG_ENABLE_OBJC_WEAK = YES;
				CLANG_WARN_BLOCK_CAPTURE_AUTORELEASING = YES;
				CLANG_WARN_BOOL_CONVERSION = YES;
				CLANG_WARN_COMMA = YES;
				CLANG_WARN_CONSTANT_CONVERSION = YES;
				CLANG_WARN_DEPRECATED_OBJC_IMPLEMENTATIONS = YES;
				CLANG_WARN_DIRECT_OBJC_ISA_USAGE = YES_ERROR;
				CLANG_WARN_DOCUMENTATION_COMMENTS = YES;
				CLANG_WARN_EMPTY_BODY = YES;
				CLANG_WARN_ENUM_CONVERSION = YES;
				CLANG_WARN_INFINITE_RECURSION = YES;
				CLANG_WARN_INT_CONVERSION = YES;
				CLANG_WARN_NON_LITERAL_NULL_CONVERSION = YES;
				CLANG_WARN_OBJC_IMPLICIT_RETAIN_SELF = YES;
				CLANG_WARN_OBJC_LITERAL_CONVERSION = YES;
				CLANG_WARN_OBJC_ROOT_CLASS = YES_ERROR;
				CLANG_WARN_QUOTED_INCLUDE_IN_FRAMEWORK_HEADER = YES;
				CLANG_WARN_RANGE_LOOP_ANALYSIS = YES;
				CLANG_WARN_STRICT_PROTOTYPES = YES;
				CLANG_WARN_SUSPICIOUS_MOVE = YES;
				CLANG_WARN_UNGUARDED_AVAILABILITY = YES_AGGRESSIVE;
				CLANG_WARN_UNREACHABLE_CODE = YES;
				CLANG_WARN__DUPLICATE_METHOD_MATCH = YES;
				COPY_PHASE_STRIP = NO;
				DEBUG_INFORMATION_FORMAT = "dwarf-with-dsym";
				ENABLE_NS_ASSERTIONS = NO;
				ENABLE_STRICT_OBJC_MSGSEND = YES;
				ENABLE_USER_SCRIPT_SANDBOXING = YES;
				GCC_C_LANGUAGE_STANDARD = gnu17;
				GCC_NO_COMMON_BLOCKS = YES;
				GCC_WARN_64_TO_32_BIT_CONVERSION = YES;
				GCC_WARN_ABOUT_RETURN_TYPE = YES_ERROR;
				GCC_WARN_UNDECLARED_SELECTOR = YES;
				GCC_WARN_UNINITIALIZED_AUTOS = YES_AGGRESSIVE;
				GCC_WARN_UNUSED_FUNCTION = YES;
				GCC_WARN_UNUSED_VARIABLE = YES;
				IPHONEOS_DEPLOYMENT_TARGET = 17.4;
				LOCALIZATION_PREFERS_STRING_CATALOGS = YES;
				MTL_ENABLE_DEBUG_INFO = NO;
				MTL_FAST_MATH = YES;
				SDKROOT = iphoneos;
				SWIFT_COMPILATION_MODE = wholemodule;
				VALIDATE_PRODUCT = YES;
			};
			name = Release;
		};
		C9A8C2772BADBF75004761B8 /* Debug */ = {
			isa = XCBuildConfiguration;
			buildSettings = {
				ASSETCATALOG_COMPILER_APPICON_NAME = AppIcon;
				ASSETCATALOG_COMPILER_GLOBAL_ACCENT_COLOR_NAME = AccentColor;
				CODE_SIGN_STYLE = Automatic;
				CURRENT_PROJECT_VERSION = 1;
				GENERATE_INFOPLIST_FILE = YES;
				INFOPLIST_FILE = onlineBankingApp/Info.plist;
				INFOPLIST_KEY_UIApplicationSupportsIndirectInputEvents = YES;
				INFOPLIST_KEY_UILaunchStoryboardName = LaunchScreen;
				INFOPLIST_KEY_UIMainStoryboardFile = Main;
				INFOPLIST_KEY_UIStatusBarStyle = "";
				INFOPLIST_KEY_UISupportedInterfaceOrientations_iPad = "UIInterfaceOrientationPortrait UIInterfaceOrientationPortraitUpsideDown UIInterfaceOrientationLandscapeLeft UIInterfaceOrientationLandscapeRight";
				INFOPLIST_KEY_UISupportedInterfaceOrientations_iPhone = "UIInterfaceOrientationPortrait UIInterfaceOrientationLandscapeLeft UIInterfaceOrientationLandscapeRight";
				LD_RUNPATH_SEARCH_PATHS = (
					"$(inherited)",
					"@executable_path/Frameworks",
				);
				MARKETING_VERSION = 1.0;
				PRODUCT_BUNDLE_IDENTIFIER = kcelal.onlineBankingApp;
				PRODUCT_NAME = "$(TARGET_NAME)";
				SWIFT_EMIT_LOC_STRINGS = YES;
				SWIFT_VERSION = 5.0;
				TARGETED_DEVICE_FAMILY = "1,2";
			};
			name = Debug;
		};
		C9A8C2782BADBF75004761B8 /* Release */ = {
			isa = XCBuildConfiguration;
			buildSettings = {
				ASSETCATALOG_COMPILER_APPICON_NAME = AppIcon;
				ASSETCATALOG_COMPILER_GLOBAL_ACCENT_COLOR_NAME = AccentColor;
				CODE_SIGN_STYLE = Automatic;
				CURRENT_PROJECT_VERSION = 1;
				GENERATE_INFOPLIST_FILE = YES;
				INFOPLIST_FILE = onlineBankingApp/Info.plist;
				INFOPLIST_KEY_UIApplicationSupportsIndirectInputEvents = YES;
				INFOPLIST_KEY_UILaunchStoryboardName = LaunchScreen;
				INFOPLIST_KEY_UIMainStoryboardFile = Main;
				INFOPLIST_KEY_UIStatusBarStyle = "";
				INFOPLIST_KEY_UISupportedInterfaceOrientations_iPad = "UIInterfaceOrientationPortrait UIInterfaceOrientationPortraitUpsideDown UIInterfaceOrientationLandscapeLeft UIInterfaceOrientationLandscapeRight";
				INFOPLIST_KEY_UISupportedInterfaceOrientations_iPhone = "UIInterfaceOrientationPortrait UIInterfaceOrientationLandscapeLeft UIInterfaceOrientationLandscapeRight";
				LD_RUNPATH_SEARCH_PATHS = (
					"$(inherited)",
					"@executable_path/Frameworks",
				);
				MARKETING_VERSION = 1.0;
				PRODUCT_BUNDLE_IDENTIFIER = kcelal.onlineBankingApp;
				PRODUCT_NAME = "$(TARGET_NAME)";
				SWIFT_EMIT_LOC_STRINGS = YES;
				SWIFT_VERSION = 5.0;
				TARGETED_DEVICE_FAMILY = "1,2";
			};
			name = Release;
		};
		C9A8C27A2BADBF75004761B8 /* Debug */ = {
			isa = XCBuildConfiguration;
			buildSettings = {
				ALWAYS_EMBED_SWIFT_STANDARD_LIBRARIES = YES;
				BUNDLE_LOADER = "$(TEST_HOST)";
				CODE_SIGN_STYLE = Automatic;
				CURRENT_PROJECT_VERSION = 1;
				GENERATE_INFOPLIST_FILE = YES;
				IPHONEOS_DEPLOYMENT_TARGET = 17.4;
				MARKETING_VERSION = 1.0;
				PRODUCT_BUNDLE_IDENTIFIER = kcelal.onlineBankingAppTests;
				PRODUCT_NAME = "$(TARGET_NAME)";
				SWIFT_EMIT_LOC_STRINGS = NO;
				SWIFT_VERSION = 5.0;
				TARGETED_DEVICE_FAMILY = "1,2";
				TEST_HOST = "$(BUILT_PRODUCTS_DIR)/onlineBankingApp.app/$(BUNDLE_EXECUTABLE_FOLDER_PATH)/onlineBankingApp";
			};
			name = Debug;
		};
		C9A8C27B2BADBF75004761B8 /* Release */ = {
			isa = XCBuildConfiguration;
			buildSettings = {
				ALWAYS_EMBED_SWIFT_STANDARD_LIBRARIES = YES;
				BUNDLE_LOADER = "$(TEST_HOST)";
				CODE_SIGN_STYLE = Automatic;
				CURRENT_PROJECT_VERSION = 1;
				GENERATE_INFOPLIST_FILE = YES;
				IPHONEOS_DEPLOYMENT_TARGET = 17.4;
				MARKETING_VERSION = 1.0;
				PRODUCT_BUNDLE_IDENTIFIER = kcelal.onlineBankingAppTests;
				PRODUCT_NAME = "$(TARGET_NAME)";
				SWIFT_EMIT_LOC_STRINGS = NO;
				SWIFT_VERSION = 5.0;
				TARGETED_DEVICE_FAMILY = "1,2";
				TEST_HOST = "$(BUILT_PRODUCTS_DIR)/onlineBankingApp.app/$(BUNDLE_EXECUTABLE_FOLDER_PATH)/onlineBankingApp";
			};
			name = Release;
		};
		C9A8C27D2BADBF75004761B8 /* Debug */ = {
			isa = XCBuildConfiguration;
			buildSettings = {
				ALWAYS_EMBED_SWIFT_STANDARD_LIBRARIES = YES;
				CODE_SIGN_STYLE = Automatic;
				CURRENT_PROJECT_VERSION = 1;
				GENERATE_INFOPLIST_FILE = YES;
				MARKETING_VERSION = 1.0;
				PRODUCT_BUNDLE_IDENTIFIER = kcelal.onlineBankingAppUITests;
				PRODUCT_NAME = "$(TARGET_NAME)";
				SWIFT_EMIT_LOC_STRINGS = NO;
				SWIFT_VERSION = 5.0;
				TARGETED_DEVICE_FAMILY = "1,2";
				TEST_TARGET_NAME = onlineBankingApp;
			};
			name = Debug;
		};
		C9A8C27E2BADBF75004761B8 /* Release */ = {
			isa = XCBuildConfiguration;
			buildSettings = {
				ALWAYS_EMBED_SWIFT_STANDARD_LIBRARIES = YES;
				CODE_SIGN_STYLE = Automatic;
				CURRENT_PROJECT_VERSION = 1;
				GENERATE_INFOPLIST_FILE = YES;
				MARKETING_VERSION = 1.0;
				PRODUCT_BUNDLE_IDENTIFIER = kcelal.onlineBankingAppUITests;
				PRODUCT_NAME = "$(TARGET_NAME)";
				SWIFT_EMIT_LOC_STRINGS = NO;
				SWIFT_VERSION = 5.0;
				TARGETED_DEVICE_FAMILY = "1,2";
				TEST_TARGET_NAME = onlineBankingApp;
			};
			name = Release;
		};
/* End XCBuildConfiguration section */

/* Begin XCConfigurationList section */
		C9A8C2472BADBF72004761B8 /* Build configuration list for PBXProject "onlineBankingApp" */ = {
			isa = XCConfigurationList;
			buildConfigurations = (
				C9A8C2742BADBF75004761B8 /* Debug */,
				C9A8C2752BADBF75004761B8 /* Release */,
			);
			defaultConfigurationIsVisible = 0;
			defaultConfigurationName = Release;
		};
		C9A8C2762BADBF75004761B8 /* Build configuration list for PBXNativeTarget "onlineBankingApp" */ = {
			isa = XCConfigurationList;
			buildConfigurations = (
				C9A8C2772BADBF75004761B8 /* Debug */,
				C9A8C2782BADBF75004761B8 /* Release */,
			);
			defaultConfigurationIsVisible = 0;
			defaultConfigurationName = Release;
		};
		C9A8C2792BADBF75004761B8 /* Build configuration list for PBXNativeTarget "onlineBankingAppTests" */ = {
			isa = XCConfigurationList;
			buildConfigurations = (
				C9A8C27A2BADBF75004761B8 /* Debug */,
				C9A8C27B2BADBF75004761B8 /* Release */,
			);
			defaultConfigurationIsVisible = 0;
			defaultConfigurationName = Release;
		};
		C9A8C27C2BADBF75004761B8 /* Build configuration list for PBXNativeTarget "onlineBankingAppUITests" */ = {
			isa = XCConfigurationList;
			buildConfigurations = (
				C9A8C27D2BADBF75004761B8 /* Debug */,
				C9A8C27E2BADBF75004761B8 /* Release */,
			);
			defaultConfigurationIsVisible = 0;
			defaultConfigurationName = Release;
		};
/* End XCConfigurationList section */
	};
	rootObject = C9A8C2442BADBF72004761B8 /* Project object */;
}
